
Microsoft Visual Studio Solution File, Format Version 12.00
# Visual Studio Version 16
VisualStudioVersion = 16.0.30204.135
MinimumVisualStudioVersion = 10.0.40219.1
Project("{FAE04EC0-301F-11D3-BF4B-00C04F79EFBC}") = "LoginForm", "LoginForm\LoginForm.csproj", "{64FAA56B-1126-40C7-BA3E-16DFD1F517C7}"
EndProject
Global
	GlobalSection(SolutionConfigurationPlatforms) = preSolution
		Debug|Any CPU = Debug|Any CPU
		Release|Any CPU = Release|Any CPU
	EndGlobalSection
	GlobalSection(ProjectConfigurationPlatforms) = postSolution
		{64FAA56B-1126-40C7-BA3E-16DFD1F517C7}.Debug|Any CPU.ActiveCfg = Debug|Any CPU
		{64FAA56B-1126-40C7-BA3E-16DFD1F517C7}.Debug|Any CPU.Build.0 = Debug|Any CPU
		{64FAA56B-1126-40C7-BA3E-16DFD1F517C7}.Release|Any CPU.ActiveCfg = Release|Any CPU
		{64FAA56B-1126-40C7-BA3E-16DFD1F517C7}.Release|Any CPU.Build.0 = Release|Any CPU
	EndGlobalSection
	GlobalSection(SolutionProperties) = preSolution
		HideSolutionNode = FALSE
	EndGlobalSection
	GlobalSection(ExtensibilityGlobals) = postSolution
		SolutionGuid = {52B0C9FD-D1E6-4965-9B36-8A6363B484E6}
	EndGlobalSection
EndGlobal
